<?xml version="1.0" encoding="utf-8"?>
<Project ToolsVersion="4.0" xmlns="http://schemas.microsoft.com/developer/msbuild/2003">
  <ItemGroup>
    <Filter Include="Form Files">
      <UniqueIdentifier>{99349809-55BA-4b9d-BF79-8FDBB0286EB3}</UniqueIdentifier>
      <Extensions>ui</Extensions>
      <ParseFiles>false</ParseFiles>
    </Filter>
    <Filter Include="Form Files">
      <UniqueIdentifier>{99349809-55BA-4b9d-BF79-8FDBB0286EB3}</UniqueIdentifier>
      <Extensions>ui</Extensions>
      <ParseFiles>false</ParseFiles>
    </Filter>
    <Filter Include="Generated Files">
      <UniqueIdentifier>{71ED8ED8-ACB9-4CE9-BBE1-E00B30144E11}</UniqueIdentifier>
      <Extensions>cpp;c;cxx;moc;h;def;odl;idl;res;</Extensions>
    </Filter>
    <Filter Include="Generated Files">
      <UniqueIdentifier>{71ED8ED8-ACB9-4CE9-BBE1-E00B30144E11}</UniqueIdentifier>
      <Extensions>cpp;c;cxx;moc;h;def;odl;idl;res;</Extensions>
    </Filter>
    <Filter Include="Header Files">
      <UniqueIdentifier>{93995380-89BD-4b04-88EB-625FBE52EBFB}</UniqueIdentifier>
      <Extensions>h;hpp;hxx;hm;inl;inc;xsd</Extensions>
    </Filter>
    <Filter Include="Header Files">
      <UniqueIdentifier>{93995380-89BD-4b04-88EB-625FBE52EBFB}</UniqueIdentifier>
      <Extensions>h;hpp;hxx;hm;inl;inc;xsd</Extensions>
    </Filter>
    <Filter Include="Resource Files">
      <UniqueIdentifier>{D9D6E242-F8AF-46E4-B9FD-80ECBC20BA3E}</UniqueIdentifier>
      <Extensions>qrc;*</Extensions>
      <ParseFiles>false</ParseFiles>
    </Filter>
    <Filter Include="Resource Files">
      <UniqueIdentifier>{D9D6E242-F8AF-46E4-B9FD-80ECBC20BA3E}</UniqueIdentifier>
      <Extensions>qrc;*</Extensions>
      <ParseFiles>false</ParseFiles>
    </Filter>
    <Filter Include="Source Files">
      <UniqueIdentifier>{4FC737F1-C7A5-4376-A066-2A32D752A2FF}</UniqueIdentifier>
      <Extensions>cpp;c;cxx;def;odl;idl;hpj;bat;asm;asmx</Extensions>
    </Filter>
    <Filter Include="Source Files">
      <UniqueIdentifier>{4FC737F1-C7A5-4376-A066-2A32D752A2FF}</UniqueIdentifier>
      <Extensions>cpp;c;cxx;def;odl;idl;hpj;bat;asm;asmx</Extensions>
    </Filter>
    <Filter Include="Header Files\Library">
      <UniqueIdentifier>{2bdebe72-0c73-4e9d-a379-32f96667f63c}</UniqueIdentifier>
    </Filter>
    <Filter Include="Header Files\Interface">
      <UniqueIdentifier>{6d52b33b-616c-411a-836d-e3f94ef35870}</UniqueIdentifier>
    </Filter>
    <Filter Include="Source Files\Library">
      <UniqueIdentifier>{82d1db23-17e8-42b5-8851-15670071c8db}</UniqueIdentifier>
    </Filter>
    <Filter Include="Source Files\Interface">
      <UniqueIdentifier>{54f3fb12-0f5f-4c48-8b01-0041e1e049f3}</UniqueIdentifier>
    </Filter>
    <Filter Include="Header Files\Tests">
      <UniqueIdentifier>{e1c0d923-acb7-4781-9226-d467d5fd0f18}</UniqueIdentifier>
    </Filter>
    <Filter Include="Source Files\Tests">
      <UniqueIdentifier>{65047b5c-9f5c-45c8-bfef-94ddd802ef22}</UniqueIdentifier>
    </Filter>
  </ItemGroup>
  <ItemGroup>
    <ClCompile Include="main.cpp">
      <Filter>Source Files</Filter>
    </ClCompile>
    <ClCompile Include="Histograms.cpp">
      <Filter>Source Files\Library</Filter>
    </ClCompile>
    <ClCompile Include="Image.cpp">
      <Filter>Source Files\Library</Filter>
    </ClCompile>
    <ClCompile Include="ImageClass.cpp">
      <Filter>Source Files\Library</Filter>
    </ClCompile>
    <ClCompile Include="ImageClassifier.cpp">
      <Filter>Source Files\Library</Filter>
    </ClCompile>
    <ClCompile Include="ImageClassifierRF.cpp">
      <Filter>Source Files\Library</Filter>
    </ClCompile>
    <ClCompile Include="ImageConversion.cpp">
      <Filter>Source Files\Interface</Filter>
    </ClCompile>
    <ClCompile Include="QCategoryDisplayer.cpp">
      <Filter>Source Files\Interface</Filter>
    </ClCompile>
    <ClCompile Include="QCategoryView.cpp">
      <Filter>Source Files\Interface</Filter>
    </ClCompile>
    <ClCompile Include="QImageDisplayer.cpp">
      <Filter>Source Files\Interface</Filter>
    </ClCompile>
    <ClCompile Include="imageclassifierwindow.cpp">
      <Filter>Source Files\Interface</Filter>
    </ClCompile>
    <ClCompile Include="NodePositioner.cpp">
      <Filter>Source Files\Library</Filter>
    </ClCompile>
    <ClCompile Include="RFTest.cpp">
      <Filter>Source Files\Tests</Filter>
    </ClCompile>
    <ClCompile Include="ImageSelector.cpp">
      <Filter>Source Files\Interface</Filter>
    </ClCompile>
    <ClCompile Include="GeneratedFiles\Debug\moc_ImageSelector.cpp">
      <Filter>Generated Files</Filter>
    </ClCompile>
    <ClCompile Include="QImageLister.cpp">
      <Filter>Source Files\Interface</Filter>
    </ClCompile>
    <ClCompile Include="GeneratedFiles\Debug\moc_QImageLister.cpp">
      <Filter>Generated Files</Filter>
    </ClCompile>
    <ClCompile Include="LoadingScreen.cpp">
      <Filter>Source Files\Interface</Filter>
    </ClCompile>
    <ClCompile Include="GeneratedFiles\Debug\moc_LoadingScreen.cpp">
      <Filter>Generated Files</Filter>
    </ClCompile>
    <ClCompile Include="NodeProperties.cpp">
      <Filter>Source Files\Library</Filter>
    </ClCompile>
    <ClCompile Include="EMDTest.cpp">
      <Filter>Source Files\Tests</Filter>
    </ClCompile>
    <ClCompile Include="NodePropertiesFlagTest.cpp">
      <Filter>Source Files\Tests</Filter>
    </ClCompile>
    <ClCompile Include="NodePropertiesGraph.cpp">
      <Filter>Source Files\Library</Filter>
    </ClCompile>
    <ClCompile Include="NPGTest.cpp">
      <Filter>Source Files\Tests</Filter>
    </ClCompile>
    <ClCompile Include="Testing.cpp">
      <Filter>Source Files\Tests</Filter>
    </ClCompile>
    <ClCompile Include="ImageClusterer.cpp">
      <Filter>Source Files\Library</Filter>
    </ClCompile>
    <ClCompile Include="ImageClustererGMM.cpp">
      <Filter>Source Files\Library</Filter>
    </ClCompile>
    <ClCompile Include="ImageClustererBasic.cpp">
      <Filter>Source Files\Library</Filter>
    </ClCompile>
    <ClCompile Include="ClassifierManager.cpp">
      <Filter>Source Files\Library</Filter>
    </ClCompile>
    <ClCompile Include="QLoadingSplashScreen.cpp">
      <Filter>Source Files\Interface</Filter>
    </ClCompile>
    <ClCompile Include="GeneratedFiles\Debug\moc_QLoadingSplashScreen.cpp">
      <Filter>Generated Files</Filter>
    </ClCompile>
    <ClCompile Include="ImageTest.cpp">
      <Filter>Source Files\Tests</Filter>
    </ClCompile>
    <ClCompile Include="GeneratedFiles\Debug\moc_QCategoryView.cpp">
      <Filter>Generated Files</Filter>
    </ClCompile>
    <ClCompile Include="ImageClustererKMeans.cpp">
      <Filter>Source Files\Library</Filter>
    </ClCompile>
    <ClCompile Include="SiftTest.cpp">
      <Filter>Source Files\Tests</Filter>
    </ClCompile>
    <ClCompile Include="ImageFactory.cpp">
      <Filter>Source Files\Library</Filter>
    </ClCompile>
    <ClCompile Include="FeatureExtractor.cpp">
      <Filter>Source Files\Library</Filter>
    </ClCompile>
    <ClCompile Include="Test_PCA.cpp">
      <Filter>Source Files\Tests</Filter>
    </ClCompile>
    <ClCompile Include="BOWExtractor.cpp">
      <Filter>Source Files\Library</Filter>
    </ClCompile>
    <ClCompile Include="NodePropertiesGraphBOW.cpp">
      <Filter>Source Files\Library</Filter>
    </ClCompile>
  </ItemGroup>
  <ItemGroup>
    <ClInclude Include="Histograms.h">
      <Filter>Header Files\Library</Filter>
    </ClInclude>
    <ClInclude Include="Image.h">
      <Filter>Header Files\Library</Filter>
    </ClInclude>
    <ClInclude Include="ImageClass.h">
      <Filter>Header Files\Library</Filter>
    </ClInclude>
    <ClInclude Include="ImageClassifier.h">
      <Filter>Header Files\Library</Filter>
    </ClInclude>
    <ClInclude Include="ImageClassifierRF.h">
      <Filter>Header Files\Library</Filter>
    </ClInclude>
    <ClInclude Include="NodePositioner.h">
      <Filter>Header Files\Library</Filter>
    </ClInclude>
    <ClInclude Include="NodeProperties.h">
      <Filter>Header Files\Library</Filter>
    </ClInclude>
    <ClInclude Include="RFTest.h">
      <Filter>Header Files\Tests</Filter>
    </ClInclude>
    <ClInclude Include="GeneratedFiles\ui_ImageSelector.h">
      <Filter>Generated Files</Filter>
    </ClInclude>
    <ClInclude Include="ImageConversion.h">
      <Filter>Header Files\Interface</Filter>
    </ClInclude>
    <ClInclude Include="GeneratedFiles\ui_LoadingScreen.h">
      <Filter>Generated Files</Filter>
    </ClInclude>
    <ClInclude Include="EMDTest.h">
      <Filter>Header Files\Tests</Filter>
    </ClInclude>
    <ClInclude Include="NodePropertiesFlagTest.h">
      <Filter>Header Files\Tests</Filter>
    </ClInclude>
    <ClInclude Include="NodePropertiesGraph.h">
      <Filter>Header Files\Library</Filter>
    </ClInclude>
    <ClInclude Include="NPGTest.h">
      <Filter>Header Files\Tests</Filter>
    </ClInclude>
    <ClInclude Include="Testing.h">
      <Filter>Header Files\Tests</Filter>
    </ClInclude>
    <ClInclude Include="ImageClusterer.h">
      <Filter>Header Files\Library</Filter>
    </ClInclude>
    <ClInclude Include="ImageClustererGMM.h">
      <Filter>Header Files\Library</Filter>
    </ClInclude>
    <ClInclude Include="ImageClustererBasic.h">
      <Filter>Header Files\Library</Filter>
    </ClInclude>
    <ClInclude Include="ClassifierManager.h">
      <Filter>Header Files\Library</Filter>
    </ClInclude>
    <ClInclude Include="ImageClustererKMeans.h">
      <Filter>Header Files\Library</Filter>
    </ClInclude>
    <ClInclude Include="SiftTest.h">
      <Filter>Header Files\Tests</Filter>
    </ClInclude>
    <ClInclude Include="ImageFactory.h">
      <Filter>Header Files\Library</Filter>
    </ClInclude>
    <ClInclude Include="FeatureExtractor.h">
      <Filter>Header Files\Library</Filter>
    </ClInclude>
    <ClInclude Include="Test_PCA.h">
      <Filter>Header Files\Tests</Filter>
    </ClInclude>
    <ClInclude Include="BOWExtractor.h">
      <Filter>Header Files\Library</Filter>
    </ClInclude>
    <ClInclude Include="NodePropertiesGraphBOW.h">
      <Filter>Header Files\Library</Filter>
    </ClInclude>
  </ItemGroup>
  <ItemGroup>
    <ClCompile Include="GeneratedFiles\debug\moc_QCategoryDisplayer.cpp">
      <Filter>Generated Files</Filter>
    </ClCompile>
    <ClCompile Include="GeneratedFiles\release\moc_QCategoryDisplayer.cpp">
      <Filter>Generated Files</Filter>
    </ClCompile>
    <ClCompile Include="GeneratedFiles\debug\moc_QImageDisplayer.cpp">
      <Filter>Generated Files</Filter>
    </ClCompile>
    <ClCompile Include="GeneratedFiles\release\moc_QImageDisplayer.cpp">
      <Filter>Generated Files</Filter>
    </ClCompile>
    <ClCompile Include="GeneratedFiles\debug\moc_imageclassifierwindow.cpp">
      <Filter>Generated Files</Filter>
    </ClCompile>
    <ClCompile Include="GeneratedFiles\release\moc_imageclassifierwindow.cpp">
      <Filter>Generated Files</Filter>
    </ClCompile>
    <ClCompile Include="GeneratedFiles\qrc_imageclassifierwindow.cpp">
      <Filter>Generated Files</Filter>
    </ClCompile>
    <ClInclude Include="GeneratedFiles\ui_imageclassifierwindow.h">
      <Filter>Generated Files</Filter>
    </ClInclude>
  </ItemGroup>
  <ItemGroup>
    <CustomBuild Include="imageclassifierwindow.ui">
      <Filter>Form Files</Filter>
    </CustomBuild>
    <CustomBuild Include="QCategoryDisplayer.h">
      <Filter>Header Files\Interface</Filter>
    </CustomBuild>
    <CustomBuild Include="QImageDisplayer.h">
      <Filter>Header Files\Interface</Filter>
    </CustomBuild>
    <CustomBuild Include="imageclassifierwindow.h">
      <Filter>Header Files\Interface</Filter>
    </CustomBuild>
    <CustomBuild Include="ImageSelector.ui">
      <Filter>Form Files</Filter>
    </CustomBuild>
    <CustomBuild Include="ImageSelector.h">
      <Filter>Header Files\Interface</Filter>
    </CustomBuild>
    <CustomBuild Include="QImageLister.h">
      <Filter>Header Files\Interface</Filter>
    </CustomBuild>
    <CustomBuild Include="LoadingScreen.ui">
      <Filter>Form Files</Filter>
    </CustomBuild>
    <CustomBuild Include="LoadingScreen.h">
      <Filter>Header Files\Interface</Filter>
    </CustomBuild>
    <CustomBuild Include="QLoadingSplashScreen.h">
      <Filter>Header Files\Interface</Filter>
    </CustomBuild>
    <CustomBuild Include="QCategoryView.h">
      <Filter>Header Files\Interface</Filter>
    </CustomBuild>
  </ItemGroup>
  <ItemGroup>
    <CustomBuild Include="imageclassifierwindow.qrc">
      <Filter>Resource Files</Filter>
    </CustomBuild>
  </ItemGroup>
  <ItemGroup>
    <Image Include="Resources\b3.png">
      <Filter>Resource Files</Filter>
    </Image>
    <Image Include="Resources\b4.gif">
      <Filter>Resource Files</Filter>
    </Image>
  </ItemGroup>
  <ItemGroup>
    <None Include="ImageTest.h">
      <Filter>Header Files\Tests</Filter>
    </None>
  </ItemGroup>
</Project>